
Microsoft Visual Studio Solution File, Format Version 12.00
# Visual Studio Version 16
VisualStudioVersion = 16.0.29519.181
MinimumVisualStudioVersion = 10.0.40219.1
Project("{FAE04EC0-301F-11D3-BF4B-00C04F79EFBC}") = "Jellyfin.Xamarin.UWP", "Jellyfin.Xamarin.UWP\Jellyfin.Xamarin.UWP.csproj", "{03B05C09-DE1A-4F23-946C-6E08CC9740C0}"
EndProject
Project("{FAE04EC0-301F-11D3-BF4B-00C04F79EFBC}") = "Jellyfin.Xamarin.Android", "Jellyfin.Xamarin.Android\Jellyfin.Xamarin.Android.csproj", "{B28BB134-B5DC-4B5A-A75D-DA36C6ECF41D}"
EndProject
Project("{FAE04EC0-301F-11D3-BF4B-00C04F79EFBC}") = "Jellyfin.Xamarin.iOS", "Jellyfin.Xamarin.iOS\Jellyfin.Xamarin.iOS.csproj", "{4A45AF93-713F-4794-A6E0-00C8A2450DA8}"
EndProject
Project("{9A19103F-16F7-4668-BE54-9A1E7A4F7556}") = "Jellyfin.Xamarin", "Jellyfin.Xamarin\Jellyfin.Xamarin.csproj", "{967A53D0-9430-4E33-A527-6E513BE2A1EF}"
EndProject
Project("{9A19103F-16F7-4668-BE54-9A1E7A4F7556}") = "Jellyfin.ApiClient", "jellyfin-apiclient-csharp\Emby.ApiClient\Jellyfin.ApiClient.csproj", "{4E53F7CE-E6CE-4E4F-94E3-D5962C71A5ED}"
EndProject
Global
	GlobalSection(SolutionConfigurationPlatforms) = preSolution
		Debug|Any CPU = Debug|Any CPU
		Debug|ARM = Debug|ARM
		Debug|iPhone = Debug|iPhone
		Debug|iPhoneSimulator = Debug|iPhoneSimulator
		Debug|x64 = Debug|x64
		Debug|x86 = Debug|x86
		Release|Any CPU = Release|Any CPU
		Release|ARM = Release|ARM
		Release|iPhone = Release|iPhone
		Release|iPhoneSimulator = Release|iPhoneSimulator
		Release|x64 = Release|x64
		Release|x86 = Release|x86
	EndGlobalSection
	GlobalSection(ProjectConfigurationPlatforms) = postSolution
		{03B05C09-DE1A-4F23-946C-6E08CC9740C0}.Debug|Any CPU.ActiveCfg = Debug|x86
		{03B05C09-DE1A-4F23-946C-6E08CC9740C0}.Debug|Any CPU.Build.0 = Debug|x86
		{03B05C09-DE1A-4F23-946C-6E08CC9740C0}.Debug|Any CPU.Deploy.0 = Debug|x86
		{03B05C09-DE1A-4F23-946C-6E08CC9740C0}.Debug|ARM.ActiveCfg = Debug|ARM
		{03B05C09-DE1A-4F23-946C-6E08CC9740C0}.Debug|ARM.Build.0 = Debug|ARM
		{03B05C09-DE1A-4F23-946C-6E08CC9740C0}.Debug|ARM.Deploy.0 = Debug|ARM
		{03B05C09-DE1A-4F23-946C-6E08CC9740C0}.Debug|iPhone.ActiveCfg = Debug|x86
		{03B05C09-DE1A-4F23-946C-6E08CC9740C0}.Debug|iPhone.Build.0 = Debug|x86
		{03B05C09-DE1A-4F23-946C-6E08CC9740C0}.Debug|iPhone.Deploy.0 = Debug|x86
		{03B05C09-DE1A-4F23-946C-6E08CC9740C0}.Debug|iPhoneSimulator.ActiveCfg = Debug|x86
		{03B05C09-DE1A-4F23-946C-6E08CC9740C0}.Debug|iPhoneSimulator.Build.0 = Debug|x86
		{03B05C09-DE1A-4F23-946C-6E08CC9740C0}.Debug|iPhoneSimulator.Deploy.0 = Debug|x86
		{03B05C09-DE1A-4F23-946C-6E08CC9740C0}.Debug|x64.ActiveCfg = Debug|x64
		{03B05C09-DE1A-4F23-946C-6E08CC9740C0}.Debug|x64.Build.0 = Debug|x64
		{03B05C09-DE1A-4F23-946C-6E08CC9740C0}.Debug|x64.Deploy.0 = Debug|x64
		{03B05C09-DE1A-4F23-946C-6E08CC9740C0}.Debug|x86.ActiveCfg = Debug|x86
		{03B05C09-DE1A-4F23-946C-6E08CC9740C0}.Debug|x86.Build.0 = Debug|x86
		{03B05C09-DE1A-4F23-946C-6E08CC9740C0}.Debug|x86.Deploy.0 = Debug|x86
		{03B05C09-DE1A-4F23-946C-6E08CC9740C0}.Release|Any CPU.ActiveCfg = Release|x86
		{03B05C09-DE1A-4F23-946C-6E08CC9740C0}.Release|Any CPU.Build.0 = Release|x86
		{03B05C09-DE1A-4F23-946C-6E08CC9740C0}.Release|Any CPU.Deploy.0 = Release|x86
		{03B05C09-DE1A-4F23-946C-6E08CC9740C0}.Release|ARM.ActiveCfg = Release|ARM
		{03B05C09-DE1A-4F23-946C-6E08CC9740C0}.Release|ARM.Build.0 = Release|ARM
		{03B05C09-DE1A-4F23-946C-6E08CC9740C0}.Release|ARM.Deploy.0 = Release|ARM
		{03B05C09-DE1A-4F23-946C-6E08CC9740C0}.Release|iPhone.ActiveCfg = Release|x86
		{03B05C09-DE1A-4F23-946C-6E08CC9740C0}.Release|iPhone.Build.0 = Release|x86
		{03B05C09-DE1A-4F23-946C-6E08CC9740C0}.Release|iPhone.Deploy.0 = Release|x86
		{03B05C09-DE1A-4F23-946C-6E08CC9740C0}.Release|iPhoneSimulator.ActiveCfg = Release|x86
		{03B05C09-DE1A-4F23-946C-6E08CC9740C0}.Release|iPhoneSimulator.Build.0 = Release|x86
		{03B05C09-DE1A-4F23-946C-6E08CC9740C0}.Release|iPhoneSimulator.Deploy.0 = Release|x86
		{03B05C09-DE1A-4F23-946C-6E08CC9740C0}.Release|x64.ActiveCfg = Release|x64
		{03B05C09-DE1A-4F23-946C-6E08CC9740C0}.Release|x64.Build.0 = Release|x64
		{03B05C09-DE1A-4F23-946C-6E08CC9740C0}.Release|x64.Deploy.0 = Release|x64
		{03B05C09-DE1A-4F23-946C-6E08CC9740C0}.Release|x86.ActiveCfg = Release|x86
		{03B05C09-DE1A-4F23-946C-6E08CC9740C0}.Release|x86.Build.0 = Release|x86
		{03B05C09-DE1A-4F23-946C-6E08CC9740C0}.Release|x86.Deploy.0 = Release|x86
		{B28BB134-B5DC-4B5A-A75D-DA36C6ECF41D}.Debug|Any CPU.ActiveCfg = Debug|Any CPU
		{B28BB134-B5DC-4B5A-A75D-DA36C6ECF41D}.Debug|Any CPU.Build.0 = Debug|Any CPU
		{B28BB134-B5DC-4B5A-A75D-DA36C6ECF41D}.Debug|Any CPU.Deploy.0 = Debug|Any CPU
		{B28BB134-B5DC-4B5A-A75D-DA36C6ECF41D}.Debug|ARM.ActiveCfg = Debug|Any CPU
		{B28BB134-B5DC-4B5A-A75D-DA36C6ECF41D}.Debug|ARM.Build.0 = Debug|Any CPU
		{B28BB134-B5DC-4B5A-A75D-DA36C6ECF41D}.Debug|ARM.Deploy.0 = Debug|Any CPU
		{B28BB134-B5DC-4B5A-A75D-DA36C6ECF41D}.Debug|iPhone.ActiveCfg = Debug|Any CPU
		{B28BB134-B5DC-4B5A-A75D-DA36C6ECF41D}.Debug|iPhone.Build.0 = Debug|Any CPU
		{B28BB134-B5DC-4B5A-A75D-DA36C6ECF41D}.Debug|iPhone.Deploy.0 = Debug|Any CPU
		{B28BB134-B5DC-4B5A-A75D-DA36C6ECF41D}.Debug|iPhoneSimulator.ActiveCfg = Debug|Any CPU
		{B28BB134-B5DC-4B5A-A75D-DA36C6ECF41D}.Debug|iPhoneSimulator.Build.0 = Debug|Any CPU
		{B28BB134-B5DC-4B5A-A75D-DA36C6ECF41D}.Debug|iPhoneSimulator.Deploy.0 = Debug|Any CPU
		{B28BB134-B5DC-4B5A-A75D-DA36C6ECF41D}.Debug|x64.ActiveCfg = Debug|Any CPU
		{B28BB134-B5DC-4B5A-A75D-DA36C6ECF41D}.Debug|x64.Build.0 = Debug|Any CPU
		{B28BB134-B5DC-4B5A-A75D-DA36C6ECF41D}.Debug|x64.Deploy.0 = Debug|Any CPU
		{B28BB134-B5DC-4B5A-A75D-DA36C6ECF41D}.Debug|x86.ActiveCfg = Debug|Any CPU
		{B28BB134-B5DC-4B5A-A75D-DA36C6ECF41D}.Debug|x86.Build.0 = Debug|Any CPU
		{B28BB134-B5DC-4B5A-A75D-DA36C6ECF41D}.Debug|x86.Deploy.0 = Debug|Any CPU
		{B28BB134-B5DC-4B5A-A75D-DA36C6ECF41D}.Release|Any CPU.ActiveCfg = Release|Any CPU
		{B28BB134-B5DC-4B5A-A75D-DA36C6ECF41D}.Release|Any CPU.Build.0 = Release|Any CPU
		{B28BB134-B5DC-4B5A-A75D-DA36C6ECF41D}.Release|Any CPU.Deploy.0 = Release|Any CPU
		{B28BB134-B5DC-4B5A-A75D-DA36C6ECF41D}.Release|ARM.ActiveCfg = Release|Any CPU
		{B28BB134-B5DC-4B5A-A75D-DA36C6ECF41D}.Release|ARM.Build.0 = Release|Any CPU
		{B28BB134-B5DC-4B5A-A75D-DA36C6ECF41D}.Release|ARM.Deploy.0 = Release|Any CPU
		{B28BB134-B5DC-4B5A-A75D-DA36C6ECF41D}.Release|iPhone.ActiveCfg = Release|Any CPU
		{B28BB134-B5DC-4B5A-A75D-DA36C6ECF41D}.Release|iPhone.Build.0 = Release|Any CPU
		{B28BB134-B5DC-4B5A-A75D-DA36C6ECF41D}.Release|iPhone.Deploy.0 = Release|Any CPU
		{B28BB134-B5DC-4B5A-A75D-DA36C6ECF41D}.Release|iPhoneSimulator.ActiveCfg = Release|Any CPU
		{B28BB134-B5DC-4B5A-A75D-DA36C6ECF41D}.Release|iPhoneSimulator.Build.0 = Release|Any CPU
		{B28BB134-B5DC-4B5A-A75D-DA36C6ECF41D}.Release|iPhoneSimulator.Deploy.0 = Release|Any CPU
		{B28BB134-B5DC-4B5A-A75D-DA36C6ECF41D}.Release|x64.ActiveCfg = Release|Any CPU
		{B28BB134-B5DC-4B5A-A75D-DA36C6ECF41D}.Release|x64.Build.0 = Release|Any CPU
		{B28BB134-B5DC-4B5A-A75D-DA36C6ECF41D}.Release|x64.Deploy.0 = Release|Any CPU
		{B28BB134-B5DC-4B5A-A75D-DA36C6ECF41D}.Release|x86.ActiveCfg = Release|Any CPU
		{B28BB134-B5DC-4B5A-A75D-DA36C6ECF41D}.Release|x86.Build.0 = Release|Any CPU
		{B28BB134-B5DC-4B5A-A75D-DA36C6ECF41D}.Release|x86.Deploy.0 = Release|Any CPU
		{4A45AF93-713F-4794-A6E0-00C8A2450DA8}.Debug|Any CPU.ActiveCfg = Debug|iPhone
		{4A45AF93-713F-4794-A6E0-00C8A2450DA8}.Debug|Any CPU.Build.0 = Debug|iPhone
		{4A45AF93-713F-4794-A6E0-00C8A2450DA8}.Debug|Any CPU.Deploy.0 = Debug|iPhone
		{4A45AF93-713F-4794-A6E0-00C8A2450DA8}.Debug|ARM.ActiveCfg = Debug|iPhoneSimulator
		{4A45AF93-713F-4794-A6E0-00C8A2450DA8}.Debug|ARM.Build.0 = Debug|iPhoneSimulator
		{4A45AF93-713F-4794-A6E0-00C8A2450DA8}.Debug|ARM.Deploy.0 = Debug|iPhoneSimulator
		{4A45AF93-713F-4794-A6E0-00C8A2450DA8}.Debug|iPhone.ActiveCfg = Debug|iPhone
		{4A45AF93-713F-4794-A6E0-00C8A2450DA8}.Debug|iPhone.Build.0 = Debug|iPhone
		{4A45AF93-713F-4794-A6E0-00C8A2450DA8}.Debug|iPhone.Deploy.0 = Debug|iPhone
		{4A45AF93-713F-4794-A6E0-00C8A2450DA8}.Debug|iPhoneSimulator.ActiveCfg = Debug|iPhoneSimulator
		{4A45AF93-713F-4794-A6E0-00C8A2450DA8}.Debug|iPhoneSimulator.Build.0 = Debug|iPhoneSimulator
		{4A45AF93-713F-4794-A6E0-00C8A2450DA8}.Debug|iPhoneSimulator.Deploy.0 = Debug|iPhoneSimulator
		{4A45AF93-713F-4794-A6E0-00C8A2450DA8}.Debug|x64.ActiveCfg = Debug|iPhone
		{4A45AF93-713F-4794-A6E0-00C8A2450DA8}.Debug|x64.Build.0 = Debug|iPhone
		{4A45AF93-713F-4794-A6E0-00C8A2450DA8}.Debug|x64.Deploy.0 = Debug|iPhone
		{4A45AF93-713F-4794-A6E0-00C8A2450DA8}.Debug|x86.ActiveCfg = Debug|iPhone
		{4A45AF93-713F-4794-A6E0-00C8A2450DA8}.Debug|x86.Build.0 = Debug|iPhone
		{4A45AF93-713F-4794-A6E0-00C8A2450DA8}.Debug|x86.Deploy.0 = Debug|iPhone
		{4A45AF93-713F-4794-A6E0-00C8A2450DA8}.Release|Any CPU.ActiveCfg = Release|iPhone
		{4A45AF93-713F-4794-A6E0-00C8A2450DA8}.Release|Any CPU.Build.0 = Release|iPhone
		{4A45AF93-713F-4794-A6E0-00C8A2450DA8}.Release|Any CPU.Deploy.0 = Release|iPhone
		{4A45AF93-713F-4794-A6E0-00C8A2450DA8}.Release|ARM.ActiveCfg = Release|iPhone
		{4A45AF93-713F-4794-A6E0-00C8A2450DA8}.Release|ARM.Build.0 = Release|iPhone
		{4A45AF93-713F-4794-A6E0-00C8A2450DA8}.Release|ARM.Deploy.0 = Release|iPhone
		{4A45AF93-713F-4794-A6E0-00C8A2450DA8}.Release|iPhone.ActiveCfg = Release|iPhone
		{4A45AF93-713F-4794-A6E0-00C8A2450DA8}.Release|iPhone.Build.0 = Release|iPhone
		{4A45AF93-713F-4794-A6E0-00C8A2450DA8}.Release|iPhone.Deploy.0 = Release|iPhone
		{4A45AF93-713F-4794-A6E0-00C8A2450DA8}.Release|iPhoneSimulator.ActiveCfg = Release|iPhoneSimulator
		{4A45AF93-713F-4794-A6E0-00C8A2450DA8}.Release|iPhoneSimulator.Build.0 = Release|iPhoneSimulator
		{4A45AF93-713F-4794-A6E0-00C8A2450DA8}.Release|iPhoneSimulator.Deploy.0 = Release|iPhoneSimulator
		{4A45AF93-713F-4794-A6E0-00C8A2450DA8}.Release|x64.ActiveCfg = Release|iPhone
		{4A45AF93-713F-4794-A6E0-00C8A2450DA8}.Release|x64.Build.0 = Release|iPhone
		{4A45AF93-713F-4794-A6E0-00C8A2450DA8}.Release|x64.Deploy.0 = Release|iPhone
		{4A45AF93-713F-4794-A6E0-00C8A2450DA8}.Release|x86.ActiveCfg = Release|iPhone
		{4A45AF93-713F-4794-A6E0-00C8A2450DA8}.Release|x86.Build.0 = Release|iPhone
		{4A45AF93-713F-4794-A6E0-00C8A2450DA8}.Release|x86.Deploy.0 = Release|iPhone
		{967A53D0-9430-4E33-A527-6E513BE2A1EF}.Debug|Any CPU.ActiveCfg = Debug|Any CPU
		{967A53D0-9430-4E33-A527-6E513BE2A1EF}.Debug|Any CPU.Build.0 = Debug|Any CPU
		{967A53D0-9430-4E33-A527-6E513BE2A1EF}.Debug|Any CPU.Deploy.0 = Debug|Any CPU
		{967A53D0-9430-4E33-A527-6E513BE2A1EF}.Debug|ARM.ActiveCfg = Debug|Any CPU
		{967A53D0-9430-4E33-A527-6E513BE2A1EF}.Debug|ARM.Build.0 = Debug|Any CPU
		{967A53D0-9430-4E33-A527-6E513BE2A1EF}.Debug|ARM.Deploy.0 = Debug|Any CPU
		{967A53D0-9430-4E33-A527-6E513BE2A1EF}.Debug|iPhone.ActiveCfg = Debug|Any CPU
		{967A53D0-9430-4E33-A527-6E513BE2A1EF}.Debug|iPhone.Build.0 = Debug|Any CPU
		{967A53D0-9430-4E33-A527-6E513BE2A1EF}.Debug|iPhone.Deploy.0 = Debug|Any CPU
		{967A53D0-9430-4E33-A527-6E513BE2A1EF}.Debug|iPhoneSimulator.ActiveCfg = Debug|Any CPU
		{967A53D0-9430-4E33-A527-6E513BE2A1EF}.Debug|iPhoneSimulator.Build.0 = Debug|Any CPU
		{967A53D0-9430-4E33-A527-6E513BE2A1EF}.Debug|iPhoneSimulator.Deploy.0 = Debug|Any CPU
		{967A53D0-9430-4E33-A527-6E513BE2A1EF}.Debug|x64.ActiveCfg = Debug|Any CPU
		{967A53D0-9430-4E33-A527-6E513BE2A1EF}.Debug|x64.Build.0 = Debug|Any CPU
		{967A53D0-9430-4E33-A527-6E513BE2A1EF}.Debug|x64.Deploy.0 = Debug|Any CPU
		{967A53D0-9430-4E33-A527-6E513BE2A1EF}.Debug|x86.ActiveCfg = Debug|Any CPU
		{967A53D0-9430-4E33-A527-6E513BE2A1EF}.Debug|x86.Build.0 = Debug|Any CPU
		{967A53D0-9430-4E33-A527-6E513BE2A1EF}.Debug|x86.Deploy.0 = Debug|Any CPU
		{967A53D0-9430-4E33-A527-6E513BE2A1EF}.Release|Any CPU.ActiveCfg = Release|Any CPU
		{967A53D0-9430-4E33-A527-6E513BE2A1EF}.Release|Any CPU.Build.0 = Release|Any CPU
		{967A53D0-9430-4E33-A527-6E513BE2A1EF}.Release|Any CPU.Deploy.0 = Release|Any CPU
		{967A53D0-9430-4E33-A527-6E513BE2A1EF}.Release|ARM.ActiveCfg = Release|Any CPU
		{967A53D0-9430-4E33-A527-6E513BE2A1EF}.Release|ARM.Build.0 = Release|Any CPU
		{967A53D0-9430-4E33-A527-6E513BE2A1EF}.Release|ARM.Deploy.0 = Release|Any CPU
		{967A53D0-9430-4E33-A527-6E513BE2A1EF}.Release|iPhone.ActiveCfg = Release|Any CPU
		{967A53D0-9430-4E33-A527-6E513BE2A1EF}.Release|iPhone.Build.0 = Release|Any CPU
		{967A53D0-9430-4E33-A527-6E513BE2A1EF}.Release|iPhone.Deploy.0 = Release|Any CPU
		{967A53D0-9430-4E33-A527-6E513BE2A1EF}.Release|iPhoneSimulator.ActiveCfg = Release|Any CPU
		{967A53D0-9430-4E33-A527-6E513BE2A1EF}.Release|iPhoneSimulator.Build.0 = Release|Any CPU
		{967A53D0-9430-4E33-A527-6E513BE2A1EF}.Release|iPhoneSimulator.Deploy.0 = Release|Any CPU
		{967A53D0-9430-4E33-A527-6E513BE2A1EF}.Release|x64.ActiveCfg = Release|Any CPU
		{967A53D0-9430-4E33-A527-6E513BE2A1EF}.Release|x64.Build.0 = Release|Any CPU
		{967A53D0-9430-4E33-A527-6E513BE2A1EF}.Release|x64.Deploy.0 = Release|Any CPU
		{967A53D0-9430-4E33-A527-6E513BE2A1EF}.Release|x86.ActiveCfg = Release|Any CPU
		{967A53D0-9430-4E33-A527-6E513BE2A1EF}.Release|x86.Build.0 = Release|Any CPU
		{967A53D0-9430-4E33-A527-6E513BE2A1EF}.Release|x86.Deploy.0 = Release|Any CPU
		{4E53F7CE-E6CE-4E4F-94E3-D5962C71A5ED}.Debug|Any CPU.ActiveCfg = Debug|Any CPU
		{4E53F7CE-E6CE-4E4F-94E3-D5962C71A5ED}.Debug|Any CPU.Build.0 = Debug|Any CPU
		{4E53F7CE-E6CE-4E4F-94E3-D5962C71A5ED}.Debug|ARM.ActiveCfg = Debug|Any CPU
		{4E53F7CE-E6CE-4E4F-94E3-D5962C71A5ED}.Debug|ARM.Build.0 = Debug|Any CPU
		{4E53F7CE-E6CE-4E4F-94E3-D5962C71A5ED}.Debug|iPhone.ActiveCfg = Debug|Any CPU
		{4E53F7CE-E6CE-4E4F-94E3-D5962C71A5ED}.Debug|iPhone.Build.0 = Debug|Any CPU
		{4E53F7CE-E6CE-4E4F-94E3-D5962C71A5ED}.Debug|iPhoneSimulator.ActiveCfg = Debug|Any CPU
		{4E53F7CE-E6CE-4E4F-94E3-D5962C71A5ED}.Debug|iPhoneSimulator.Build.0 = Debug|Any CPU
		{4E53F7CE-E6CE-4E4F-94E3-D5962C71A5ED}.Debug|x64.ActiveCfg = Debug|Any CPU
		{4E53F7CE-E6CE-4E4F-94E3-D5962C71A5ED}.Debug|x64.Build.0 = Debug|Any CPU
		{4E53F7CE-E6CE-4E4F-94E3-D5962C71A5ED}.Debug|x86.ActiveCfg = Debug|Any CPU
		{4E53F7CE-E6CE-4E4F-94E3-D5962C71A5ED}.Debug|x86.Build.0 = Debug|Any CPU
		{4E53F7CE-E6CE-4E4F-94E3-D5962C71A5ED}.Release|Any CPU.ActiveCfg = Release|Any CPU
		{4E53F7CE-E6CE-4E4F-94E3-D5962C71A5ED}.Release|Any CPU.Build.0 = Release|Any CPU
		{4E53F7CE-E6CE-4E4F-94E3-D5962C71A5ED}.Release|ARM.ActiveCfg = Release|Any CPU
		{4E53F7CE-E6CE-4E4F-94E3-D5962C71A5ED}.Release|ARM.Build.0 = Release|Any CPU
		{4E53F7CE-E6CE-4E4F-94E3-D5962C71A5ED}.Release|iPhone.ActiveCfg = Release|Any CPU
		{4E53F7CE-E6CE-4E4F-94E3-D5962C71A5ED}.Release|iPhone.Build.0 = Release|Any CPU
		{4E53F7CE-E6CE-4E4F-94E3-D5962C71A5ED}.Release|iPhoneSimulator.ActiveCfg = Release|Any CPU
		{4E53F7CE-E6CE-4E4F-94E3-D5962C71A5ED}.Release|iPhoneSimulator.Build.0 = Release|Any CPU
		{4E53F7CE-E6CE-4E4F-94E3-D5962C71A5ED}.Release|x64.ActiveCfg = Release|Any CPU
		{4E53F7CE-E6CE-4E4F-94E3-D5962C71A5ED}.Release|x64.Build.0 = Release|Any CPU
		{4E53F7CE-E6CE-4E4F-94E3-D5962C71A5ED}.Release|x86.ActiveCfg = Release|Any CPU
		{4E53F7CE-E6CE-4E4F-94E3-D5962C71A5ED}.Release|x86.Build.0 = Release|Any CPU
	EndGlobalSection
	GlobalSection(SolutionProperties) = preSolution
		HideSolutionNode = FALSE
	EndGlobalSection
	GlobalSection(ExtensibilityGlobals) = postSolution
		SolutionGuid = {71EB857A-11F0-4F2D-919C-9A59037976F9}
	EndGlobalSection
EndGlobal
